
Microsoft Visual Studio Solution File, Format Version 12.00
# Visual Studio Version 16
VisualStudioVersion = 16.0.31424.327
MinimumVisualStudioVersion = 10.0.40219.1
Project("{FAE04EC0-301F-11D3-BF4B-00C04F79EFBC}") = "OnTapKTPM", "OnTapKTPM.csproj", "{06EADDFD-57F9-4808-BEA1-93F4E10B981A}"
EndProject
Project("{FAE04EC0-301F-11D3-BF4B-00C04F79EFBC}") = "CalculatorTestOnTapKTPM", "..\CalculatorTestOnTapKTPM\CalculatorTestOnTapKTPM.csproj", "{ED085F0F-00E9-4882-B788-53D7A1A107F4}"
EndProject
Project("{00D1A9C2-B5F0-4AF3-8072-F6C62B433612}") = "dbTest", "..\dbTest\dbTest.sqlproj", "{51991643-51E9-4714-AE01-C7E7D0E179D9}"
EndProject
Global
	GlobalSection(SolutionConfigurationPlatforms) = preSolution
		Debug|Any CPU = Debug|Any CPU
		Release|Any CPU = Release|Any CPU
	EndGlobalSection
	GlobalSection(ProjectConfigurationPlatforms) = postSolution
		{06EADDFD-57F9-4808-BEA1-93F4E10B981A}.Debug|Any CPU.ActiveCfg = Debug|Any CPU
		{06EADDFD-57F9-4808-BEA1-93F4E10B981A}.Debug|Any CPU.Build.0 = Debug|Any CPU
		{06EADDFD-57F9-4808-BEA1-93F4E10B981A}.Release|Any CPU.ActiveCfg = Release|Any CPU
		{06EADDFD-57F9-4808-BEA1-93F4E10B981A}.Release|Any CPU.Build.0 = Release|Any CPU
		{ED085F0F-00E9-4882-B788-53D7A1A107F4}.Debug|Any CPU.ActiveCfg = Debug|Any CPU
		{ED085F0F-00E9-4882-B788-53D7A1A107F4}.Debug|Any CPU.Build.0 = Debug|Any CPU
		{ED085F0F-00E9-4882-B788-53D7A1A107F4}.Release|Any CPU.ActiveCfg = Release|Any CPU
		{ED085F0F-00E9-4882-B788-53D7A1A107F4}.Release|Any CPU.Build.0 = Release|Any CPU
		{51991643-51E9-4714-AE01-C7E7D0E179D9}.Debug|Any CPU.ActiveCfg = Debug|Any CPU
		{51991643-51E9-4714-AE01-C7E7D0E179D9}.Debug|Any CPU.Build.0 = Debug|Any CPU
		{51991643-51E9-4714-AE01-C7E7D0E179D9}.Debug|Any CPU.Deploy.0 = Debug|Any CPU
		{51991643-51E9-4714-AE01-C7E7D0E179D9}.Release|Any CPU.ActiveCfg = Release|Any CPU
		{51991643-51E9-4714-AE01-C7E7D0E179D9}.Release|Any CPU.Build.0 = Release|Any CPU
		{51991643-51E9-4714-AE01-C7E7D0E179D9}.Release|Any CPU.Deploy.0 = Release|Any CPU
	EndGlobalSection
	GlobalSection(SolutionProperties) = preSolution
		HideSolutionNode = FALSE
	EndGlobalSection
	GlobalSection(ExtensibilityGlobals) = postSolution
		SolutionGuid = {A44240E1-2857-47D0-9468-77EB96A586EC}
	EndGlobalSection
EndGlobal
